{
  "name": "Orion Alt Generator (NodeJS)",
  "lockfileVersion": 2,
  "requires": true,
  "packages": {
    "": {
      "dependencies": {
        "undici": "^5.8.1"
      }
    },
    "node_modules/undici": {
      "version": "5.8.1",
      "resolved": "https://registry.npmjs.org/undici/-/undici-5.8.1.tgz",
      "integrity": "sha512-iDRmWX4Zar/4A/t+1LrKQRm102zw2l9Wgat3LtTlTn8ykvMZmAmpq9tjyHEigx18FsY7IfATvyN3xSw9BDz0eA==",
      "engines": {
        "node": ">=12.18"
      }
    }
  },
  "dependencies": {
    "undici": {
      "version": "5.8.1",
      "resolved": "https://registry.npmjs.org/undici/-/undici-5.8.1.tgz",
      "integrity": "sha512-iDRmWX4Zar/4A/t+1LrKQRm102zw2l9Wgat3LtTlTn8ykvMZmAmpq9tjyHEigx18FsY7IfATvyN3xSw9BDz0eA=="
    }
  }
}
